
Microsoft Visual Studio Solution File, Format Version 12.00
# Visual Studio Version 16
VisualStudioVersion = 16.0.30204.135
MinimumVisualStudioVersion = 10.0.40219.1
Project("{FAE04EC0-301F-11D3-BF4B-00C04F79EFBC}") = "QLBanHang", "QLBanHang\QLBanHang.csproj", "{D1FAFDB9-B6C3-49C5-899B-1D3553B78971}"
EndProject
Global
	GlobalSection(SolutionConfigurationPlatforms) = preSolution
		Debug|Any CPU = Debug|Any CPU
		Release|Any CPU = Release|Any CPU
	EndGlobalSection
	GlobalSection(ProjectConfigurationPlatforms) = postSolution
		{D1FAFDB9-B6C3-49C5-899B-1D3553B78971}.Debug|Any CPU.ActiveCfg = Debug|Any CPU
		{D1FAFDB9-B6C3-49C5-899B-1D3553B78971}.Debug|Any CPU.Build.0 = Debug|Any CPU
		{D1FAFDB9-B6C3-49C5-899B-1D3553B78971}.Release|Any CPU.ActiveCfg = Release|Any CPU
		{D1FAFDB9-B6C3-49C5-899B-1D3553B78971}.Release|Any CPU.Build.0 = Release|Any CPU
	EndGlobalSection
	GlobalSection(SolutionProperties) = preSolution
		HideSolutionNode = FALSE
	EndGlobalSection
	GlobalSection(ExtensibilityGlobals) = postSolution
		SolutionGuid = {FE1D3B45-3B7A-4C63-9DEC-B1D46758466C}
	EndGlobalSection
EndGlobal
